{
  "name": "e2e",
  "version": "1.0.0",
  "lockfileVersion": 2,
  "requires": true,
  "packages": {
    "": {
      "version": "1.0.0",
      "dependencies": {
        "@axe-core/playwright": "^4.9.1",
        "dotenv": "^16.4.5"
      },
      "devDependencies": {
        "@playwright/test": "^1.45.1",
        "@types/node": "^20.14.10"
      }
    },
    "node_modules/@axe-core/playwright": {
      "version": "4.9.1",
      "resolved": "https://registry.npmjs.org/@axe-core/playwright/-/playwright-4.9.1.tgz",
      "integrity": "sha512-8m4WZbZq7/aq7ZY5IG8GqV+ZdvtGn/iJdom+wBg+iv/3BAOBIfNQtIu697a41438DzEEyptXWmC3Xl5Kx/o9/g==",
      "dependencies": {
        "axe-core": "~4.9.1"
      },
      "peerDependencies": {
        "playwright-core": ">= 1.0.0"
      }
    },
    "node_modules/@playwright/test": {
      "version": "1.45.1",
      "resolved": "https://registry.npmjs.org/@playwright/test/-/test-1.45.1.tgz",
      "integrity": "sha512-Wo1bWTzQvGA7LyKGIZc8nFSTFf2TkthGIFBR+QVNilvwouGzFd4PYukZe3rvf5PSqjHi1+1NyKSDZKcQWETzaA==",
      "dev": true,
      "dependencies": {
        "playwright": "1.45.1"
      },
      "bin": {
        "playwright": "cli.js"
      },
      "engines": {
        "node": ">=18"
      }
    },
    "node_modules/@types/node": {
      "version": "20.14.10",
      "resolved": "https://registry.npmjs.org/@types/node/-/node-20.14.10.tgz",
      "integrity": "sha512-MdiXf+nDuMvY0gJKxyfZ7/6UFsETO7mGKF54MVD/ekJS6HdFtpZFBgrh6Pseu64XTb2MLyFPlbW6hj8HYRQNOQ==",
      "dev": true,
      "dependencies": {
        "undici-types": "~5.26.4"
      }
    },
    "node_modules/axe-core": {
      "version": "4.9.1",
      "resolved": "https://registry.npmjs.org/axe-core/-/axe-core-4.9.1.tgz",
      "integrity": "sha512-QbUdXJVTpvUTHU7871ppZkdOLBeGUKBQWHkHrvN2V9IQWGMt61zf3B45BtzjxEJzYuj0JBjBZP/hmYS/R9pmAw==",
      "engines": {
        "node": ">=4"
      }
    },
    "node_modules/dotenv": {
      "version": "16.4.5",
      "resolved": "https://registry.npmjs.org/dotenv/-/dotenv-16.4.5.tgz",
      "integrity": "sha512-ZmdL2rui+eB2YwhsWzjInR8LldtZHGDoQ1ugH85ppHKwpUHL7j7rN0Ti9NCnGiQbhaZ11FpR+7ao1dNsmduNUg==",
      "engines": {
        "node": ">=12"
      },
      "funding": {
        "url": "https://dotenvx.com"
      }
    },
    "node_modules/fsevents": {
      "version": "2.3.2",
      "resolved": "https://registry.npmjs.org/fsevents/-/fsevents-2.3.2.tgz",
      "integrity": "sha512-xiqMQR4xAeHTuB9uWm+fFRcIOgKBMiOBP+eXiyT7jsgVCq1bkVygt00oASowB7EdtpOHaaPgKt812P9ab+DDKA==",
      "dev": true,
      "hasInstallScript": true,
      "optional": true,
      "os": [
        "darwin"
      ],
      "engines": {
        "node": "^8.16.0 || ^10.6.0 || >=11.0.0"
      }
    },
    "node_modules/playwright": {
      "version": "1.45.1",
      "resolved": "https://registry.npmjs.org/playwright/-/playwright-1.45.1.tgz",
      "integrity": "sha512-Hjrgae4kpSQBr98nhCj3IScxVeVUixqj+5oyif8TdIn2opTCPEzqAqNMeK42i3cWDCVu9MI+ZsGWw+gVR4ISBg==",
      "dev": true,
      "dependencies": {
        "playwright-core": "1.45.1"
      },
      "bin": {
        "playwright": "cli.js"
      },
      "engines": {
        "node": ">=18"
      },
      "optionalDependencies": {
        "fsevents": "2.3.2"
      }
    },
    "node_modules/playwright-core": {
      "version": "1.45.1",
      "resolved": "https://registry.npmjs.org/playwright-core/-/playwright-core-1.45.1.tgz",
      "integrity": "sha512-LF4CUUtrUu2TCpDw4mcrAIuYrEjVDfT1cHbJMfwnE2+1b8PZcFzPNgvZCvq2JfQ4aTjRCCHw5EJ2tmr2NSzdPg==",
      "bin": {
        "playwright-core": "cli.js"
      },
      "engines": {
        "node": ">=18"
      }
    },
    "node_modules/undici-types": {
      "version": "5.26.5",
      "resolved": "https://registry.npmjs.org/undici-types/-/undici-types-5.26.5.tgz",
      "integrity": "sha512-JlCMO+ehdEIKqlFxk6IfVoAUVmgz7cU7zD/h9XZ0qzeosSHmUJVOzSQvvYSYWXkFXC+IfLKSIffhv0sVZup6pA==",
      "dev": true
    }
  },
  "dependencies": {
    "@axe-core/playwright": {
      "version": "4.9.1",
      "resolved": "https://registry.npmjs.org/@axe-core/playwright/-/playwright-4.9.1.tgz",
      "integrity": "sha512-8m4WZbZq7/aq7ZY5IG8GqV+ZdvtGn/iJdom+wBg+iv/3BAOBIfNQtIu697a41438DzEEyptXWmC3Xl5Kx/o9/g==",
      "requires": {
        "axe-core": "~4.9.1"
      }
    },
    "@playwright/test": {
      "version": "1.45.1",
      "resolved": "https://registry.npmjs.org/@playwright/test/-/test-1.45.1.tgz",
      "integrity": "sha512-Wo1bWTzQvGA7LyKGIZc8nFSTFf2TkthGIFBR+QVNilvwouGzFd4PYukZe3rvf5PSqjHi1+1NyKSDZKcQWETzaA==",
      "dev": true,
      "requires": {
        "playwright": "1.45.1"
      }
    },
    "@types/node": {
      "version": "20.14.10",
      "resolved": "https://registry.npmjs.org/@types/node/-/node-20.14.10.tgz",
      "integrity": "sha512-MdiXf+nDuMvY0gJKxyfZ7/6UFsETO7mGKF54MVD/ekJS6HdFtpZFBgrh6Pseu64XTb2MLyFPlbW6hj8HYRQNOQ==",
      "dev": true,
      "requires": {
        "undici-types": "~5.26.4"
      }
    },
    "axe-core": {
      "version": "4.9.1",
      "resolved": "https://registry.npmjs.org/axe-core/-/axe-core-4.9.1.tgz",
      "integrity": "sha512-QbUdXJVTpvUTHU7871ppZkdOLBeGUKBQWHkHrvN2V9IQWGMt61zf3B45BtzjxEJzYuj0JBjBZP/hmYS/R9pmAw=="
    },
    "dotenv": {
      "version": "16.4.5",
      "resolved": "https://registry.npmjs.org/dotenv/-/dotenv-16.4.5.tgz",
      "integrity": "sha512-ZmdL2rui+eB2YwhsWzjInR8LldtZHGDoQ1ugH85ppHKwpUHL7j7rN0Ti9NCnGiQbhaZ11FpR+7ao1dNsmduNUg=="
    },
    "fsevents": {
      "version": "2.3.2",
      "resolved": "https://registry.npmjs.org/fsevents/-/fsevents-2.3.2.tgz",
      "integrity": "sha512-xiqMQR4xAeHTuB9uWm+fFRcIOgKBMiOBP+eXiyT7jsgVCq1bkVygt00oASowB7EdtpOHaaPgKt812P9ab+DDKA==",
      "dev": true,
      "optional": true
    },
    "playwright": {
      "version": "1.45.1",
      "resolved": "https://registry.npmjs.org/playwright/-/playwright-1.45.1.tgz",
      "integrity": "sha512-Hjrgae4kpSQBr98nhCj3IScxVeVUixqj+5oyif8TdIn2opTCPEzqAqNMeK42i3cWDCVu9MI+ZsGWw+gVR4ISBg==",
      "dev": true,
      "requires": {
        "fsevents": "2.3.2",
        "playwright-core": "1.45.1"
      }
    },
    "playwright-core": {
      "version": "1.45.1",
      "resolved": "https://registry.npmjs.org/playwright-core/-/playwright-core-1.45.1.tgz",
      "integrity": "sha512-LF4CUUtrUu2TCpDw4mcrAIuYrEjVDfT1cHbJMfwnE2+1b8PZcFzPNgvZCvq2JfQ4aTjRCCHw5EJ2tmr2NSzdPg=="
    },
    "undici-types": {
      "version": "5.26.5",
      "resolved": "https://registry.npmjs.org/undici-types/-/undici-types-5.26.5.tgz",
      "integrity": "sha512-JlCMO+ehdEIKqlFxk6IfVoAUVmgz7cU7zD/h9XZ0qzeosSHmUJVOzSQvvYSYWXkFXC+IfLKSIffhv0sVZup6pA==",
      "dev": true
    }
  }
}
